
Microsoft Visual Studio Solution File, Format Version 12.00
# Visual Studio Version 17
VisualStudioVersion = 17.6.33815.320
MinimumVisualStudioVersion = 10.0.40219.1
Project("{9A19103F-16F7-4668-BE54-9A1E7A4F7556}") = "Fibonacci", "Fibonacci\Fibonacci.csproj", "{39E03EDF-1DA1-4F4A-B041-A412BF766EFE}"
EndProject
Project("{9A19103F-16F7-4668-BE54-9A1E7A4F7556}") = "Pascal", "..\SzorzoTabla\Pascal\Pascal.csproj", "{A9B47470-63C3-44CE-B1E7-B4DAB491813C}"
EndProject
Project("{9A19103F-16F7-4668-BE54-9A1E7A4F7556}") = "SzorzoTabla", "..\SzorzoTabla\SzorzoTabla\SzorzoTabla.csproj", "{0D439C47-6137-44A7-8FD6-601B62C76FFE}"
EndProject
Project("{9A19103F-16F7-4668-BE54-9A1E7A4F7556}") = "VillogoGomb", "VillogoGomb\VillogoGomb.csproj", "{7BBB03B3-1877-44BC-96A5-7213F47DF32E}"
EndProject
Project("{2150E333-8FDC-42A3-9474-1A3956D46DE8}") = "Solution Items", "Solution Items", "{0A113CFB-8906-4EDA-8462-F89952BBE90E}"
	ProjectSection(SolutionItems) = preProject
		Class1.cs = Class1.cs
		..\..\..\Desktop\hajozasi_szabalyzat_kerdessor_BOM.txt = ..\..\..\Desktop\hajozasi_szabalyzat_kerdessor_BOM.txt
	EndProjectSection
EndProject
Project("{9A19103F-16F7-4668-BE54-9A1E7A4F7556}") = "SzámolóGomb", "SzámolóGomb\SzámolóGomb.csproj", "{396D1F10-EE86-4F30-ADA5-0C606BEC8623}"
EndProject
Project("{9A19103F-16F7-4668-BE54-9A1E7A4F7556}") = "VéletlenGomb", "VéletlenGomb\VéletlenGomb.csproj", "{05976648-4DD6-4E82-8F21-A247F27478C9}"
EndProject
Project("{9A19103F-16F7-4668-BE54-9A1E7A4F7556}") = "Hajozas", "Hajozas\Hajozas.csproj", "{44636297-C3DA-4309-9661-10A1A3B4C485}"
EndProject
Project("{FAE04EC0-301F-11D3-BF4B-00C04F79EFBC}") = "kigyosjatek", "kigyosjatek\kigyosjatek.csproj", "{91567610-AD42-4734-B206-D2EC93979F7A}"
EndProject
Global
	GlobalSection(SolutionConfigurationPlatforms) = preSolution
		Debug|Any CPU = Debug|Any CPU
		Release|Any CPU = Release|Any CPU
	EndGlobalSection
	GlobalSection(ProjectConfigurationPlatforms) = postSolution
		{39E03EDF-1DA1-4F4A-B041-A412BF766EFE}.Debug|Any CPU.ActiveCfg = Debug|Any CPU
		{39E03EDF-1DA1-4F4A-B041-A412BF766EFE}.Debug|Any CPU.Build.0 = Debug|Any CPU
		{39E03EDF-1DA1-4F4A-B041-A412BF766EFE}.Release|Any CPU.ActiveCfg = Release|Any CPU
		{39E03EDF-1DA1-4F4A-B041-A412BF766EFE}.Release|Any CPU.Build.0 = Release|Any CPU
		{A9B47470-63C3-44CE-B1E7-B4DAB491813C}.Debug|Any CPU.ActiveCfg = Debug|Any CPU
		{A9B47470-63C3-44CE-B1E7-B4DAB491813C}.Debug|Any CPU.Build.0 = Debug|Any CPU
		{A9B47470-63C3-44CE-B1E7-B4DAB491813C}.Release|Any CPU.ActiveCfg = Release|Any CPU
		{A9B47470-63C3-44CE-B1E7-B4DAB491813C}.Release|Any CPU.Build.0 = Release|Any CPU
		{0D439C47-6137-44A7-8FD6-601B62C76FFE}.Debug|Any CPU.ActiveCfg = Debug|Any CPU
		{0D439C47-6137-44A7-8FD6-601B62C76FFE}.Debug|Any CPU.Build.0 = Debug|Any CPU
		{0D439C47-6137-44A7-8FD6-601B62C76FFE}.Release|Any CPU.ActiveCfg = Release|Any CPU
		{0D439C47-6137-44A7-8FD6-601B62C76FFE}.Release|Any CPU.Build.0 = Release|Any CPU
		{7BBB03B3-1877-44BC-96A5-7213F47DF32E}.Debug|Any CPU.ActiveCfg = Debug|Any CPU
		{7BBB03B3-1877-44BC-96A5-7213F47DF32E}.Debug|Any CPU.Build.0 = Debug|Any CPU
		{7BBB03B3-1877-44BC-96A5-7213F47DF32E}.Release|Any CPU.ActiveCfg = Release|Any CPU
		{7BBB03B3-1877-44BC-96A5-7213F47DF32E}.Release|Any CPU.Build.0 = Release|Any CPU
		{396D1F10-EE86-4F30-ADA5-0C606BEC8623}.Debug|Any CPU.ActiveCfg = Debug|Any CPU
		{396D1F10-EE86-4F30-ADA5-0C606BEC8623}.Debug|Any CPU.Build.0 = Debug|Any CPU
		{396D1F10-EE86-4F30-ADA5-0C606BEC8623}.Release|Any CPU.ActiveCfg = Release|Any CPU
		{396D1F10-EE86-4F30-ADA5-0C606BEC8623}.Release|Any CPU.Build.0 = Release|Any CPU
		{05976648-4DD6-4E82-8F21-A247F27478C9}.Debug|Any CPU.ActiveCfg = Debug|Any CPU
		{05976648-4DD6-4E82-8F21-A247F27478C9}.Debug|Any CPU.Build.0 = Debug|Any CPU
		{05976648-4DD6-4E82-8F21-A247F27478C9}.Release|Any CPU.ActiveCfg = Release|Any CPU
		{05976648-4DD6-4E82-8F21-A247F27478C9}.Release|Any CPU.Build.0 = Release|Any CPU
		{44636297-C3DA-4309-9661-10A1A3B4C485}.Debug|Any CPU.ActiveCfg = Debug|Any CPU
		{44636297-C3DA-4309-9661-10A1A3B4C485}.Debug|Any CPU.Build.0 = Debug|Any CPU
		{44636297-C3DA-4309-9661-10A1A3B4C485}.Release|Any CPU.ActiveCfg = Release|Any CPU
		{44636297-C3DA-4309-9661-10A1A3B4C485}.Release|Any CPU.Build.0 = Release|Any CPU
		{91567610-AD42-4734-B206-D2EC93979F7A}.Debug|Any CPU.ActiveCfg = Debug|Any CPU
		{91567610-AD42-4734-B206-D2EC93979F7A}.Debug|Any CPU.Build.0 = Debug|Any CPU
		{91567610-AD42-4734-B206-D2EC93979F7A}.Release|Any CPU.ActiveCfg = Release|Any CPU
		{91567610-AD42-4734-B206-D2EC93979F7A}.Release|Any CPU.Build.0 = Release|Any CPU
	EndGlobalSection
	GlobalSection(SolutionProperties) = preSolution
		HideSolutionNode = FALSE
	EndGlobalSection
	GlobalSection(ExtensibilityGlobals) = postSolution
		SolutionGuid = {A65677A4-A6BA-43D8-BB4D-10575D3C290A}
	EndGlobalSection
EndGlobal
